
Microsoft Visual Studio Solution File, Format Version 12.00
# Visual Studio 15
Project("{FAE04EC0-301F-11D3-BF4B-00C04F79EFBC}") = "TicketScan.Android", "TicketScan.Android\TicketScan.Android.csproj", "{91201C87-FA9B-4135-A163-25A2B7C0F8B7}"
EndProject
Project("{FAE04EC0-301F-11D3-BF4B-00C04F79EFBC}") = "TicketScan.iOS", "TicketScan.iOS\TicketScan.iOS.csproj", "{AC6F475E-F969-4B22-9C33-CBBE047B1999}"
EndProject
Project("{FAE04EC0-301F-11D3-BF4B-00C04F79EFBC}") = "TicketScan.MobileAppService", "TicketScan.MobileAppService\TicketScan.MobileAppService.csproj", "{0BEFD5A1-FAE0-4D37-9271-C1E990761C6E}"
EndProject
Project("{FAE04EC0-301F-11D3-BF4B-00C04F79EFBC}") = "TicketScan", "TicketScan\TicketScan.csproj", "{C76F6BDE-A419-457F-B603-4F8800F9D94F}"
EndProject
Global
	GlobalSection(SolutionConfigurationPlatforms) = preSolution
		Debug|Any CPU = Debug|Any CPU
		Release|Any CPU = Release|Any CPU
		Debug|iPhoneSimulator = Debug|iPhoneSimulator
		Release|iPhoneSimulator = Release|iPhoneSimulator
		Debug|iPhone = Debug|iPhone
		Release|iPhone = Release|iPhone
	EndGlobalSection
	GlobalSection(ProjectConfigurationPlatforms) = postSolution
		{91201C87-FA9B-4135-A163-25A2B7C0F8B7}.Debug|Any CPU.ActiveCfg = Debug|Any CPU
		{91201C87-FA9B-4135-A163-25A2B7C0F8B7}.Debug|Any CPU.Build.0 = Debug|Any CPU
		{91201C87-FA9B-4135-A163-25A2B7C0F8B7}.Release|Any CPU.ActiveCfg = Release|Any CPU
		{91201C87-FA9B-4135-A163-25A2B7C0F8B7}.Release|Any CPU.Build.0 = Release|Any CPU
		{91201C87-FA9B-4135-A163-25A2B7C0F8B7}.Debug|iPhoneSimulator.ActiveCfg = Debug|Any CPU
		{91201C87-FA9B-4135-A163-25A2B7C0F8B7}.Debug|iPhoneSimulator.Build.0 = Debug|Any CPU
		{91201C87-FA9B-4135-A163-25A2B7C0F8B7}.Release|iPhoneSimulator.ActiveCfg = Release|Any CPU
		{91201C87-FA9B-4135-A163-25A2B7C0F8B7}.Release|iPhoneSimulator.Build.0 = Release|Any CPU
		{91201C87-FA9B-4135-A163-25A2B7C0F8B7}.Debug|iPhone.ActiveCfg = Debug|Any CPU
		{91201C87-FA9B-4135-A163-25A2B7C0F8B7}.Debug|iPhone.Build.0 = Debug|Any CPU
		{91201C87-FA9B-4135-A163-25A2B7C0F8B7}.Release|iPhone.ActiveCfg = Release|Any CPU
		{91201C87-FA9B-4135-A163-25A2B7C0F8B7}.Release|iPhone.Build.0 = Release|Any CPU
		{AC6F475E-F969-4B22-9C33-CBBE047B1999}.Debug|Any CPU.ActiveCfg = Debug|iPhoneSimulator
		{AC6F475E-F969-4B22-9C33-CBBE047B1999}.Debug|Any CPU.Build.0 = Debug|iPhoneSimulator
		{AC6F475E-F969-4B22-9C33-CBBE047B1999}.Release|Any CPU.ActiveCfg = Release|iPhoneSimulator
		{AC6F475E-F969-4B22-9C33-CBBE047B1999}.Release|Any CPU.Build.0 = Release|iPhoneSimulator
		{AC6F475E-F969-4B22-9C33-CBBE047B1999}.Debug|iPhoneSimulator.ActiveCfg = Debug|iPhoneSimulator
		{AC6F475E-F969-4B22-9C33-CBBE047B1999}.Debug|iPhoneSimulator.Build.0 = Debug|iPhoneSimulator
		{AC6F475E-F969-4B22-9C33-CBBE047B1999}.Release|iPhoneSimulator.ActiveCfg = Release|iPhoneSimulator
		{AC6F475E-F969-4B22-9C33-CBBE047B1999}.Release|iPhoneSimulator.Build.0 = Release|iPhoneSimulator
		{AC6F475E-F969-4B22-9C33-CBBE047B1999}.Debug|iPhone.ActiveCfg = Debug|iPhone
		{AC6F475E-F969-4B22-9C33-CBBE047B1999}.Debug|iPhone.Build.0 = Debug|iPhone
		{AC6F475E-F969-4B22-9C33-CBBE047B1999}.Release|iPhone.ActiveCfg = Release|iPhone
		{AC6F475E-F969-4B22-9C33-CBBE047B1999}.Release|iPhone.Build.0 = Release|iPhone
		{0BEFD5A1-FAE0-4D37-9271-C1E990761C6E}.Debug|Any CPU.ActiveCfg = Debug|Any CPU
		{0BEFD5A1-FAE0-4D37-9271-C1E990761C6E}.Debug|Any CPU.Build.0 = Debug|Any CPU
		{0BEFD5A1-FAE0-4D37-9271-C1E990761C6E}.Release|Any CPU.ActiveCfg = Release|Any CPU
		{0BEFD5A1-FAE0-4D37-9271-C1E990761C6E}.Release|Any CPU.Build.0 = Release|Any CPU
		{0BEFD5A1-FAE0-4D37-9271-C1E990761C6E}.Debug|iPhoneSimulator.ActiveCfg = Debug|Any CPU
		{0BEFD5A1-FAE0-4D37-9271-C1E990761C6E}.Debug|iPhoneSimulator.Build.0 = Debug|Any CPU
		{0BEFD5A1-FAE0-4D37-9271-C1E990761C6E}.Release|iPhoneSimulator.ActiveCfg = Release|Any CPU
		{0BEFD5A1-FAE0-4D37-9271-C1E990761C6E}.Release|iPhoneSimulator.Build.0 = Release|Any CPU
		{0BEFD5A1-FAE0-4D37-9271-C1E990761C6E}.Debug|iPhone.ActiveCfg = Debug|Any CPU
		{0BEFD5A1-FAE0-4D37-9271-C1E990761C6E}.Debug|iPhone.Build.0 = Debug|Any CPU
		{0BEFD5A1-FAE0-4D37-9271-C1E990761C6E}.Release|iPhone.ActiveCfg = Release|Any CPU
		{0BEFD5A1-FAE0-4D37-9271-C1E990761C6E}.Release|iPhone.Build.0 = Release|Any CPU
		{C76F6BDE-A419-457F-B603-4F8800F9D94F}.Debug|Any CPU.ActiveCfg = Debug|Any CPU
		{C76F6BDE-A419-457F-B603-4F8800F9D94F}.Debug|Any CPU.Build.0 = Debug|Any CPU
		{C76F6BDE-A419-457F-B603-4F8800F9D94F}.Release|Any CPU.ActiveCfg = Release|Any CPU
		{C76F6BDE-A419-457F-B603-4F8800F9D94F}.Release|Any CPU.Build.0 = Release|Any CPU
		{C76F6BDE-A419-457F-B603-4F8800F9D94F}.Debug|iPhoneSimulator.ActiveCfg = Debug|Any CPU
		{C76F6BDE-A419-457F-B603-4F8800F9D94F}.Debug|iPhoneSimulator.Build.0 = Debug|Any CPU
		{C76F6BDE-A419-457F-B603-4F8800F9D94F}.Release|iPhoneSimulator.ActiveCfg = Release|Any CPU
		{C76F6BDE-A419-457F-B603-4F8800F9D94F}.Release|iPhoneSimulator.Build.0 = Release|Any CPU
		{C76F6BDE-A419-457F-B603-4F8800F9D94F}.Debug|iPhone.ActiveCfg = Debug|Any CPU
		{C76F6BDE-A419-457F-B603-4F8800F9D94F}.Debug|iPhone.Build.0 = Debug|Any CPU
		{C76F6BDE-A419-457F-B603-4F8800F9D94F}.Release|iPhone.ActiveCfg = Release|Any CPU
		{C76F6BDE-A419-457F-B603-4F8800F9D94F}.Release|iPhone.Build.0 = Release|Any CPU
	EndGlobalSection
EndGlobal
